// !$*UTF8*$!
{
	archiveVersion = 1;
	classes = {
	};
	objectVersion = 56;
	objects = {

/* Begin PBXBuildFile section */
		804F398A29A9DAA3003E6994 /* AppDelegate.swift in Sources */ = {isa = PBXBuildFile; fileRef = 804F398929A9DAA3003E6994 /* AppDelegate.swift */; };
		804F398C29A9DAA3003E6994 /* SceneDelegate.swift in Sources */ = {isa = PBXBuildFile; fileRef = 804F398B29A9DAA3003E6994 /* SceneDelegate.swift */; };
		804F398E29A9DAA3003E6994 /* WelcomeViewController.swift in Sources */ = {isa = PBXBuildFile; fileRef = 804F398D29A9DAA3003E6994 /* WelcomeViewController.swift */; };
		804F399129A9DAA3003E6994 /* Main.storyboard in Resources */ = {isa = PBXBuildFile; fileRef = 804F398F29A9DAA3003E6994 /* Main.storyboard */; };
		804F399329A9DAA5003E6994 /* Assets.xcassets in Resources */ = {isa = PBXBuildFile; fileRef = 804F399229A9DAA5003E6994 /* Assets.xcassets */; };
		804F399629A9DAA5003E6994 /* LaunchScreen.storyboard in Resources */ = {isa = PBXBuildFile; fileRef = 804F399429A9DAA5003E6994 /* LaunchScreen.storyboard */; };
		804F399E29AA4A9C003E6994 /* ChatViewController.swift in Sources */ = {isa = PBXBuildFile; fileRef = 804F399D29AA4A9C003E6994 /* ChatViewController.swift */; };
		804F39A029AA4AAF003E6994 /* LoginViewController.swift in Sources */ = {isa = PBXBuildFile; fileRef = 804F399F29AA4AAF003E6994 /* LoginViewController.swift */; };
		804F39A229AA4AC0003E6994 /* RegisterViewController.swift in Sources */ = {isa = PBXBuildFile; fileRef = 804F39A129AA4AC0003E6994 /* RegisterViewController.swift */; };
		804F39A729AA57EB003E6994 /* GoogleService-Info.plist in Resources */ = {isa = PBXBuildFile; fileRef = 804F39A629AA57EA003E6994 /* GoogleService-Info.plist */; };
		804F39AA29AA6072003E6994 /* FirebaseAuth in Frameworks */ = {isa = PBXBuildFile; productRef = 804F39A929AA6072003E6994 /* FirebaseAuth */; };
		804F39AC29AA6072003E6994 /* FirebaseFirestore in Frameworks */ = {isa = PBXBuildFile; productRef = 804F39AB29AA6072003E6994 /* FirebaseFirestore */; };
		80CF103429AA9F68001B32A2 /* Constants.swift in Sources */ = {isa = PBXBuildFile; fileRef = 80CF103329AA9F68001B32A2 /* Constants.swift */; };
		80CF103629AADB2F001B32A2 /* Message.swift in Sources */ = {isa = PBXBuildFile; fileRef = 80CF103529AADB2F001B32A2 /* Message.swift */; };
		80CF103A29AAE192001B32A2 /* MessageCell.swift in Sources */ = {isa = PBXBuildFile; fileRef = 80CF103829AAE192001B32A2 /* MessageCell.swift */; };
		80CF103B29AAE192001B32A2 /* MessageCell.xib in Resources */ = {isa = PBXBuildFile; fileRef = 80CF103929AAE192001B32A2 /* MessageCell.xib */; };
		80E035C729C6628D001CF462 /* IQKeyboardManagerSwift in Frameworks */ = {isa = PBXBuildFile; productRef = 80E035C629C6628D001CF462 /* IQKeyboardManagerSwift */; };
		9870A51084BB099F8E16845F /* Pods_Chatter.framework in Frameworks */ = {isa = PBXBuildFile; fileRef = 1DAEDFBE47FFADA08B1D3FEF /* Pods_Chatter.framework */; };
/* End PBXBuildFile section */

/* Begin PBXFileReference section */
		1DAEDFBE47FFADA08B1D3FEF /* Pods_Chatter.framework */ = {isa = PBXFileReference; explicitFileType = wrapper.framework; includeInIndex = 0; path = Pods_Chatter.framework; sourceTree = BUILT_PRODUCTS_DIR; };
		7D4492CF54B4E630C7D0174C /* Pods-Chatter.release.xcconfig */ = {isa = PBXFileReference; includeInIndex = 1; lastKnownFileType = text.xcconfig; name = "Pods-Chatter.release.xcconfig"; path = "Target Support Files/Pods-Chatter/Pods-Chatter.release.xcconfig"; sourceTree = "<group>"; };
		804F398629A9DAA3003E6994 /* Chatter.app */ = {isa = PBXFileReference; explicitFileType = wrapper.application; includeInIndex = 0; path = Chatter.app; sourceTree = BUILT_PRODUCTS_DIR; };
		804F398929A9DAA3003E6994 /* AppDelegate.swift */ = {isa = PBXFileReference; lastKnownFileType = sourcecode.swift; path = AppDelegate.swift; sourceTree = "<group>"; };
		804F398B29A9DAA3003E6994 /* SceneDelegate.swift */ = {isa = PBXFileReference; lastKnownFileType = sourcecode.swift; path = SceneDelegate.swift; sourceTree = "<group>"; };
		804F398D29A9DAA3003E6994 /* WelcomeViewController.swift */ = {isa = PBXFileReference; lastKnownFileType = sourcecode.swift; path = WelcomeViewController.swift; sourceTree = "<group>"; };
		804F399029A9DAA3003E6994 /* Base */ = {isa = PBXFileReference; lastKnownFileType = file.storyboard; name = Base; path = Base.lproj/Main.storyboard; sourceTree = "<group>"; };
		804F399229A9DAA5003E6994 /* Assets.xcassets */ = {isa = PBXFileReference; lastKnownFileType = folder.assetcatalog; path = Assets.xcassets; sourceTree = "<group>"; };
		804F399529A9DAA5003E6994 /* Base */ = {isa = PBXFileReference; lastKnownFileType = file.storyboard; name = Base; path = Base.lproj/LaunchScreen.storyboard; sourceTree = "<group>"; };
		804F399729A9DAA5003E6994 /* Info.plist */ = {isa = PBXFileReference; lastKnownFileType = text.plist.xml; path = Info.plist; sourceTree = "<group>"; };
		804F399D29AA4A9C003E6994 /* ChatViewController.swift */ = {isa = PBXFileReference; lastKnownFileType = sourcecode.swift; path = ChatViewController.swift; sourceTree = "<group>"; };
		804F399F29AA4AAF003E6994 /* LoginViewController.swift */ = {isa = PBXFileReference; lastKnownFileType = sourcecode.swift; path = LoginViewController.swift; sourceTree = "<group>"; };
		804F39A129AA4AC0003E6994 /* RegisterViewController.swift */ = {isa = PBXFileReference; lastKnownFileType = sourcecode.swift; path = RegisterViewController.swift; sourceTree = "<group>"; };
		804F39A629AA57EA003E6994 /* GoogleService-Info.plist */ = {isa = PBXFileReference; fileEncoding = 4; lastKnownFileType = text.plist.xml; path = "GoogleService-Info.plist"; sourceTree = "<group>"; };
		80CF103329AA9F68001B32A2 /* Constants.swift */ = {isa = PBXFileReference; lastKnownFileType = sourcecode.swift; path = Constants.swift; sourceTree = "<group>"; };
		80CF103529AADB2F001B32A2 /* Message.swift */ = {isa = PBXFileReference; lastKnownFileType = sourcecode.swift; path = Message.swift; sourceTree = "<group>"; };
		80CF103829AAE192001B32A2 /* MessageCell.swift */ = {isa = PBXFileReference; lastKnownFileType = sourcecode.swift; path = MessageCell.swift; sourceTree = "<group>"; };
		80CF103929AAE192001B32A2 /* MessageCell.xib */ = {isa = PBXFileReference; lastKnownFileType = file.xib; path = MessageCell.xib; sourceTree = "<group>"; };
		B0E67C69DAC567DF2B17F3D8 /* Pods-Chatter.debug.xcconfig */ = {isa = PBXFileReference; includeInIndex = 1; lastKnownFileType = text.xcconfig; name = "Pods-Chatter.debug.xcconfig"; path = "Target Support Files/Pods-Chatter/Pods-Chatter.debug.xcconfig"; sourceTree = "<group>"; };
/* End PBXFileReference section */

/* Begin PBXFrameworksBuildPhase section */
		804F398329A9DAA3003E6994 /* Frameworks */ = {
			isa = PBXFrameworksBuildPhase;
			buildActionMask = 2147483647;
			files = (
				9870A51084BB099F8E16845F /* Pods_Chatter.framework in Frameworks */,
				80E035C729C6628D001CF462 /* IQKeyboardManagerSwift in Frameworks */,
				804F39AA29AA6072003E6994 /* FirebaseAuth in Frameworks */,
				804F39AC29AA6072003E6994 /* FirebaseFirestore in Frameworks */,
			);
			runOnlyForDeploymentPostprocessing = 0;
		};
/* End PBXFrameworksBuildPhase section */

/* Begin PBXGroup section */
		5E026B159B3D2C810F8CD9BB /* Pods */ = {
			isa = PBXGroup;
			children = (
				B0E67C69DAC567DF2B17F3D8 /* Pods-Chatter.debug.xcconfig */,
				7D4492CF54B4E630C7D0174C /* Pods-Chatter.release.xcconfig */,
			);
			path = Pods;
			sourceTree = "<group>";
		};
		804F397D29A9DAA3003E6994 = {
			isa = PBXGroup;
			children = (
				804F398829A9DAA3003E6994 /* Chatter */,
				804F398729A9DAA3003E6994 /* Products */,
				5E026B159B3D2C810F8CD9BB /* Pods */,
				D04490BE7B0DD5F0B42C8FAF /* Frameworks */,
			);
			sourceTree = "<group>";
		};
		804F398729A9DAA3003E6994 /* Products */ = {
			isa = PBXGroup;
			children = (
				804F398629A9DAA3003E6994 /* Chatter.app */,
			);
			name = Products;
			sourceTree = "<group>";
		};
		804F398829A9DAA3003E6994 /* Chatter */ = {
			isa = PBXGroup;
			children = (
				804F39A329AA4ACE003E6994 /* Applications */,
				80CF103729AADB36001B32A2 /* Model */,
				804F39A529AA4AEC003E6994 /* View */,
				804F39A429AA4AE1003E6994 /* Controller */,
				804F399229A9DAA5003E6994 /* Assets.xcassets */,
				80CF103329AA9F68001B32A2 /* Constants.swift */,
				804F399429A9DAA5003E6994 /* LaunchScreen.storyboard */,
				804F399729A9DAA5003E6994 /* Info.plist */,
				804F39A629AA57EA003E6994 /* GoogleService-Info.plist */,
			);
			path = Chatter;
			sourceTree = "<group>";
		};
		804F39A329AA4ACE003E6994 /* Applications */ = {
			isa = PBXGroup;
			children = (
				804F398929A9DAA3003E6994 /* AppDelegate.swift */,
				804F398B29A9DAA3003E6994 /* SceneDelegate.swift */,
			);
			path = Applications;
			sourceTree = "<group>";
		};
		804F39A429AA4AE1003E6994 /* Controller */ = {
			isa = PBXGroup;
			children = (
				804F398D29A9DAA3003E6994 /* WelcomeViewController.swift */,
				804F39A129AA4AC0003E6994 /* RegisterViewController.swift */,
				804F399F29AA4AAF003E6994 /* LoginViewController.swift */,
				804F399D29AA4A9C003E6994 /* ChatViewController.swift */,
			);
			path = Controller;
			sourceTree = "<group>";
		};
		804F39A529AA4AEC003E6994 /* View */ = {
			isa = PBXGroup;
			children = (
				804F398F29A9DAA3003E6994 /* Main.storyboard */,
				80CF103829AAE192001B32A2 /* MessageCell.swift */,
				80CF103929AAE192001B32A2 /* MessageCell.xib */,
			);
			path = View;
			sourceTree = "<group>";
		};
		80CF103729AADB36001B32A2 /* Model */ = {
			isa = PBXGroup;
			children = (
				80CF103529AADB2F001B32A2 /* Message.swift */,
			);
			path = Model;
			sourceTree = "<group>";
		};
		D04490BE7B0DD5F0B42C8FAF /* Frameworks */ = {
			isa = PBXGroup;
			children = (
				1DAEDFBE47FFADA08B1D3FEF /* Pods_Chatter.framework */,
			);
			name = Frameworks;
			sourceTree = "<group>";
		};
/* End PBXGroup section */

/* Begin PBXNativeTarget section */
		804F398529A9DAA3003E6994 /* Chatter */ = {
			isa = PBXNativeTarget;
			buildConfigurationList = 804F399A29A9DAA5003E6994 /* Build configuration list for PBXNativeTarget "Chatter" */;
			buildPhases = (
				29A736F2923D04149C73BED0 /* [CP] Check Pods Manifest.lock */,
				804F398229A9DAA3003E6994 /* Sources */,
				804F398329A9DAA3003E6994 /* Frameworks */,
				804F398429A9DAA3003E6994 /* Resources */,
				9A16373B3510E51C6BE2A5E0 /* [CP] Embed Pods Frameworks */,
			);
			buildRules = (
			);
			dependencies = (
			);
			name = Chatter;
			packageProductDependencies = (
				804F39A929AA6072003E6994 /* FirebaseAuth */,
				804F39AB29AA6072003E6994 /* FirebaseFirestore */,
				80E035C629C6628D001CF462 /* IQKeyboardManagerSwift */,
			);
			productName = Chatter;
			productReference = 804F398629A9DAA3003E6994 /* Chatter.app */;
			productType = "com.apple.product-type.application";
		};
/* End PBXNativeTarget section */

/* Begin PBXProject section */
		804F397E29A9DAA3003E6994 /* Project object */ = {
			isa = PBXProject;
			attributes = {
				BuildIndependentTargetsInParallel = 1;
				LastSwiftUpdateCheck = 1410;
				LastUpgradeCheck = 1410;
				TargetAttributes = {
					804F398529A9DAA3003E6994 = {
						CreatedOnToolsVersion = 14.1;
					};
				};
			};
			buildConfigurationList = 804F398129A9DAA3003E6994 /* Build configuration list for PBXProject "Chatter" */;
			compatibilityVersion = "Xcode 14.0";
			developmentRegion = en;
			hasScannedForEncodings = 0;
			knownRegions = (
				en,
				Base,
			);
			mainGroup = 804F397D29A9DAA3003E6994;
			packageReferences = (
				804F39A829AA6072003E6994 /* XCRemoteSwiftPackageReference "firebase-ios-sdk" */,
				80E035C529C6628D001CF462 /* XCRemoteSwiftPackageReference "IQKeyboardManager" */,
			);
			productRefGroup = 804F398729A9DAA3003E6994 /* Products */;
			projectDirPath = "";
			projectRoot = "";
			targets = (
				804F398529A9DAA3003E6994 /* Chatter */,
			);
		};
/* End PBXProject section */

/* Begin PBXResourcesBuildPhase section */
		804F398429A9DAA3003E6994 /* Resources */ = {
			isa = PBXResourcesBuildPhase;
			buildActionMask = 2147483647;
			files = (
				80CF103B29AAE192001B32A2 /* MessageCell.xib in Resources */,
				804F399629A9DAA5003E6994 /* LaunchScreen.storyboard in Resources */,
				804F39A729AA57EB003E6994 /* GoogleService-Info.plist in Resources */,
				804F399329A9DAA5003E6994 /* Assets.xcassets in Resources */,
				804F399129A9DAA3003E6994 /* Main.storyboard in Resources */,
			);
			runOnlyForDeploymentPostprocessing = 0;
		};
/* End PBXResourcesBuildPhase section */

/* Begin PBXShellScriptBuildPhase section */
		29A736F2923D04149C73BED0 /* [CP] Check Pods Manifest.lock */ = {
			isa = PBXShellScriptBuildPhase;
			buildActionMask = 2147483647;
			files = (
			);
			inputFileListPaths = (
			);
			inputPaths = (
				"${PODS_PODFILE_DIR_PATH}/Podfile.lock",
				"${PODS_ROOT}/Manifest.lock",
			);
			name = "[CP] Check Pods Manifest.lock";
			outputFileListPaths = (
			);
			outputPaths = (
				"$(DERIVED_FILE_DIR)/Pods-Chatter-checkManifestLockResult.txt",
			);
			runOnlyForDeploymentPostprocessing = 0;
			shellPath = /bin/sh;
			shellScript = "diff \"${PODS_PODFILE_DIR_PATH}/Podfile.lock\" \"${PODS_ROOT}/Manifest.lock\" > /dev/null\nif [ $? != 0 ] ; then\n    # print error to STDERR\n    echo \"error: The sandbox is not in sync with the Podfile.lock. Run 'pod install' or update your CocoaPods installation.\" >&2\n    exit 1\nfi\n# This output is used by Xcode 'outputs' to avoid re-running this script phase.\necho \"SUCCESS\" > \"${SCRIPT_OUTPUT_FILE_0}\"\n";
			showEnvVarsInLog = 0;
		};
		9A16373B3510E51C6BE2A5E0 /* [CP] Embed Pods Frameworks */ = {
			isa = PBXShellScriptBuildPhase;
			buildActionMask = 2147483647;
			files = (
			);
			inputFileListPaths = (
				"${PODS_ROOT}/Target Support Files/Pods-Chatter/Pods-Chatter-frameworks-${CONFIGURATION}-input-files.xcfilelist",
			);
			name = "[CP] Embed Pods Frameworks";
			outputFileListPaths = (
				"${PODS_ROOT}/Target Support Files/Pods-Chatter/Pods-Chatter-frameworks-${CONFIGURATION}-output-files.xcfilelist",
			);
			runOnlyForDeploymentPostprocessing = 0;
			shellPath = /bin/sh;
			shellScript = "\"${PODS_ROOT}/Target Support Files/Pods-Chatter/Pods-Chatter-frameworks.sh\"\n";
			showEnvVarsInLog = 0;
		};
/* End PBXShellScriptBuildPhase section */

/* Begin PBXSourcesBuildPhase section */
		804F398229A9DAA3003E6994 /* Sources */ = {
			isa = PBXSourcesBuildPhase;
			buildActionMask = 2147483647;
			files = (
				804F398E29A9DAA3003E6994 /* WelcomeViewController.swift in Sources */,
				804F398A29A9DAA3003E6994 /* AppDelegate.swift in Sources */,
				804F399E29AA4A9C003E6994 /* ChatViewController.swift in Sources */,
				804F39A229AA4AC0003E6994 /* RegisterViewController.swift in Sources */,
				80CF103429AA9F68001B32A2 /* Constants.swift in Sources */,
				80CF103629AADB2F001B32A2 /* Message.swift in Sources */,
				804F39A029AA4AAF003E6994 /* LoginViewController.swift in Sources */,
				804F398C29A9DAA3003E6994 /* SceneDelegate.swift in Sources */,
				80CF103A29AAE192001B32A2 /* MessageCell.swift in Sources */,
			);
			runOnlyForDeploymentPostprocessing = 0;
		};
/* End PBXSourcesBuildPhase section */

/* Begin PBXVariantGroup section */
		804F398F29A9DAA3003E6994 /* Main.storyboard */ = {
			isa = PBXVariantGroup;
			children = (
				804F399029A9DAA3003E6994 /* Base */,
			);
			name = Main.storyboard;
			sourceTree = "<group>";
		};
		804F399429A9DAA5003E6994 /* LaunchScreen.storyboard */ = {
			isa = PBXVariantGroup;
			children = (
				804F399529A9DAA5003E6994 /* Base */,
			);
			name = LaunchScreen.storyboard;
			sourceTree = "<group>";
		};
/* End PBXVariantGroup section */

/* Begin XCBuildConfiguration section */
		804F399829A9DAA5003E6994 /* Debug */ = {
			isa = XCBuildConfiguration;
			buildSettings = {
				ALWAYS_SEARCH_USER_PATHS = NO;
				CLANG_ANALYZER_NONNULL = YES;
				CLANG_ANALYZER_NUMBER_OBJECT_CONVERSION = YES_AGGRESSIVE;
				CLANG_CXX_LANGUAGE_STANDARD = "gnu++20";
				CLANG_ENABLE_MODULES = YES;
				CLANG_ENABLE_OBJC_ARC = YES;
				CLANG_ENABLE_OBJC_WEAK = YES;
				CLANG_WARN_BLOCK_CAPTURE_AUTORELEASING = YES;
				CLANG_WARN_BOOL_CONVERSION = YES;
				CLANG_WARN_COMMA = YES;
				CLANG_WARN_CONSTANT_CONVERSION = YES;
				CLANG_WARN_DEPRECATED_OBJC_IMPLEMENTATIONS = YES;
				CLANG_WARN_DIRECT_OBJC_ISA_USAGE = YES_ERROR;
				CLANG_WARN_DOCUMENTATION_COMMENTS = YES;
				CLANG_WARN_EMPTY_BODY = YES;
				CLANG_WARN_ENUM_CONVERSION = YES;
				CLANG_WARN_INFINITE_RECURSION = YES;
				CLANG_WARN_INT_CONVERSION = YES;
				CLANG_WARN_NON_LITERAL_NULL_CONVERSION = YES;
				CLANG_WARN_OBJC_IMPLICIT_RETAIN_SELF = YES;
				CLANG_WARN_OBJC_LITERAL_CONVERSION = YES;
				CLANG_WARN_OBJC_ROOT_CLASS = YES_ERROR;
				CLANG_WARN_QUOTED_INCLUDE_IN_FRAMEWORK_HEADER = YES;
				CLANG_WARN_RANGE_LOOP_ANALYSIS = YES;
				CLANG_WARN_STRICT_PROTOTYPES = YES;
				CLANG_WARN_SUSPICIOUS_MOVE = YES;
				CLANG_WARN_UNGUARDED_AVAILABILITY = YES_AGGRESSIVE;
				CLANG_WARN_UNREACHABLE_CODE = YES;
				CLANG_WARN__DUPLICATE_METHOD_MATCH = YES;
				COPY_PHASE_STRIP = NO;
				DEBUG_INFORMATION_FORMAT = dwarf;
				ENABLE_STRICT_OBJC_MSGSEND = YES;
				ENABLE_TESTABILITY = YES;
				GCC_C_LANGUAGE_STANDARD = gnu11;
				GCC_DYNAMIC_NO_PIC = NO;
				GCC_NO_COMMON_BLOCKS = YES;
				GCC_OPTIMIZATION_LEVEL = 0;
				GCC_PREPROCESSOR_DEFINITIONS = (
					"DEBUG=1",
					"$(inherited)",
				);
				GCC_WARN_64_TO_32_BIT_CONVERSION = YES;
				GCC_WARN_ABOUT_RETURN_TYPE = YES_ERROR;
				GCC_WARN_UNDECLARED_SELECTOR = YES;
				GCC_WARN_UNINITIALIZED_AUTOS = YES_AGGRESSIVE;
				GCC_WARN_UNUSED_FUNCTION = YES;
				GCC_WARN_UNUSED_VARIABLE = YES;
				IPHONEOS_DEPLOYMENT_TARGET = 16.1;
				MTL_ENABLE_DEBUG_INFO = INCLUDE_SOURCE;
				MTL_FAST_MATH = YES;
				ONLY_ACTIVE_ARCH = YES;
				SDKROOT = iphoneos;
				SWIFT_ACTIVE_COMPILATION_CONDITIONS = DEBUG;
				SWIFT_OPTIMIZATION_LEVEL = "-Onone";
			};
			name = Debug;
		};
		804F399929A9DAA5003E6994 /* Release */ = {
			isa = XCBuildConfiguration;
			buildSettings = {
				ALWAYS_SEARCH_USER_PATHS = NO;
				CLANG_ANALYZER_NONNULL = YES;
				CLANG_ANALYZER_NUMBER_OBJECT_CONVERSION = YES_AGGRESSIVE;
				CLANG_CXX_LANGUAGE_STANDARD = "gnu++20";
				CLANG_ENABLE_MODULES = YES;
				CLANG_ENABLE_OBJC_ARC = YES;
				CLANG_ENABLE_OBJC_WEAK = YES;
				CLANG_WARN_BLOCK_CAPTURE_AUTORELEASING = YES;
				CLANG_WARN_BOOL_CONVERSION = YES;
				CLANG_WARN_COMMA = YES;
				CLANG_WARN_CONSTANT_CONVERSION = YES;
				CLANG_WARN_DEPRECATED_OBJC_IMPLEMENTATIONS = YES;
				CLANG_WARN_DIRECT_OBJC_ISA_USAGE = YES_ERROR;
				CLANG_WARN_DOCUMENTATION_COMMENTS = YES;
				CLANG_WARN_EMPTY_BODY = YES;
				CLANG_WARN_ENUM_CONVERSION = YES;
				CLANG_WARN_INFINITE_RECURSION = YES;
				CLANG_WARN_INT_CONVERSION = YES;
				CLANG_WARN_NON_LITERAL_NULL_CONVERSION = YES;
				CLANG_WARN_OBJC_IMPLICIT_RETAIN_SELF = YES;
				CLANG_WARN_OBJC_LITERAL_CONVERSION = YES;
				CLANG_WARN_OBJC_ROOT_CLASS = YES_ERROR;
				CLANG_WARN_QUOTED_INCLUDE_IN_FRAMEWORK_HEADER = YES;
				CLANG_WARN_RANGE_LOOP_ANALYSIS = YES;
				CLANG_WARN_STRICT_PROTOTYPES = YES;
				CLANG_WARN_SUSPICIOUS_MOVE = YES;
				CLANG_WARN_UNGUARDED_AVAILABILITY = YES_AGGRESSIVE;
				CLANG_WARN_UNREACHABLE_CODE = YES;
				CLANG_WARN__DUPLICATE_METHOD_MATCH = YES;
				COPY_PHASE_STRIP = NO;
				DEBUG_INFORMATION_FORMAT = "dwarf-with-dsym";
				ENABLE_NS_ASSERTIONS = NO;
				ENABLE_STRICT_OBJC_MSGSEND = YES;
				GCC_C_LANGUAGE_STANDARD = gnu11;
				GCC_NO_COMMON_BLOCKS = YES;
				GCC_WARN_64_TO_32_BIT_CONVERSION = YES;
				GCC_WARN_ABOUT_RETURN_TYPE = YES_ERROR;
				GCC_WARN_UNDECLARED_SELECTOR = YES;
				GCC_WARN_UNINITIALIZED_AUTOS = YES_AGGRESSIVE;
				GCC_WARN_UNUSED_FUNCTION = YES;
				GCC_WARN_UNUSED_VARIABLE = YES;
				IPHONEOS_DEPLOYMENT_TARGET = 16.1;
				MTL_ENABLE_DEBUG_INFO = NO;
				MTL_FAST_MATH = YES;
				SDKROOT = iphoneos;
				SWIFT_COMPILATION_MODE = wholemodule;
				SWIFT_OPTIMIZATION_LEVEL = "-O";
				VALIDATE_PRODUCT = YES;
			};
			name = Release;
		};
		804F399B29A9DAA5003E6994 /* Debug */ = {
			isa = XCBuildConfiguration;
			baseConfigurationReference = B0E67C69DAC567DF2B17F3D8 /* Pods-Chatter.debug.xcconfig */;
			buildSettings = {
				ASSETCATALOG_COMPILER_APPICON_NAME = AppIcon;
				ASSETCATALOG_COMPILER_GLOBAL_ACCENT_COLOR_NAME = AccentColor;
				CODE_SIGN_STYLE = Automatic;
				CURRENT_PROJECT_VERSION = 1;
				GENERATE_INFOPLIST_FILE = YES;
				INFOPLIST_FILE = Chatter/Info.plist;
				INFOPLIST_KEY_UIApplicationSupportsIndirectInputEvents = YES;
				INFOPLIST_KEY_UILaunchStoryboardName = LaunchScreen;
				INFOPLIST_KEY_UIMainStoryboardFile = Main;
				INFOPLIST_KEY_UISupportedInterfaceOrientations_iPad = "UIInterfaceOrientationPortrait UIInterfaceOrientationPortraitUpsideDown UIInterfaceOrientationLandscapeLeft UIInterfaceOrientationLandscapeRight";
				INFOPLIST_KEY_UISupportedInterfaceOrientations_iPhone = "UIInterfaceOrientationPortrait UIInterfaceOrientationLandscapeLeft UIInterfaceOrientationLandscapeRight";
				IPHONEOS_DEPLOYMENT_TARGET = 13.0;
				LD_RUNPATH_SEARCH_PATHS = (
					"$(inherited)",
					"@executable_path/Frameworks",
				);
				MARKETING_VERSION = 1.0;
				PRODUCT_BUNDLE_IDENTIFIER = com.zungi.Chatter;
				PRODUCT_NAME = "$(TARGET_NAME)";
				SWIFT_EMIT_LOC_STRINGS = YES;
				SWIFT_VERSION = 5.0;
				TARGETED_DEVICE_FAMILY = "1,2";
			};
			name = Debug;
		};
		804F399C29A9DAA5003E6994 /* Release */ = {
			isa = XCBuildConfiguration;
			baseConfigurationReference = 7D4492CF54B4E630C7D0174C /* Pods-Chatter.release.xcconfig */;
			buildSettings = {
				ASSETCATALOG_COMPILER_APPICON_NAME = AppIcon;
				ASSETCATALOG_COMPILER_GLOBAL_ACCENT_COLOR_NAME = AccentColor;
				CODE_SIGN_STYLE = Automatic;
				CURRENT_PROJECT_VERSION = 1;
				GENERATE_INFOPLIST_FILE = YES;
				INFOPLIST_FILE = Chatter/Info.plist;
				INFOPLIST_KEY_UIApplicationSupportsIndirectInputEvents = YES;
				INFOPLIST_KEY_UILaunchStoryboardName = LaunchScreen;
				INFOPLIST_KEY_UIMainStoryboardFile = Main;
				INFOPLIST_KEY_UISupportedInterfaceOrientations_iPad = "UIInterfaceOrientationPortrait UIInterfaceOrientationPortraitUpsideDown UIInterfaceOrientationLandscapeLeft UIInterfaceOrientationLandscapeRight";
				INFOPLIST_KEY_UISupportedInterfaceOrientations_iPhone = "UIInterfaceOrientationPortrait UIInterfaceOrientationLandscapeLeft UIInterfaceOrientationLandscapeRight";
				IPHONEOS_DEPLOYMENT_TARGET = 13.0;
				LD_RUNPATH_SEARCH_PATHS = (
					"$(inherited)",
					"@executable_path/Frameworks",
				);
				MARKETING_VERSION = 1.0;
				PRODUCT_BUNDLE_IDENTIFIER = com.zungi.Chatter;
				PRODUCT_NAME = "$(TARGET_NAME)";
				SWIFT_EMIT_LOC_STRINGS = YES;
				SWIFT_VERSION = 5.0;
				TARGETED_DEVICE_FAMILY = "1,2";
			};
			name = Release;
		};
/* End XCBuildConfiguration section */

/* Begin XCConfigurationList section */
		804F398129A9DAA3003E6994 /* Build configuration list for PBXProject "Chatter" */ = {
			isa = XCConfigurationList;
			buildConfigurations = (
				804F399829A9DAA5003E6994 /* Debug */,
				804F399929A9DAA5003E6994 /* Release */,
			);
			defaultConfigurationIsVisible = 0;
			defaultConfigurationName = Release;
		};
		804F399A29A9DAA5003E6994 /* Build configuration list for PBXNativeTarget "Chatter" */ = {
			isa = XCConfigurationList;
			buildConfigurations = (
				804F399B29A9DAA5003E6994 /* Debug */,
				804F399C29A9DAA5003E6994 /* Release */,
			);
			defaultConfigurationIsVisible = 0;
			defaultConfigurationName = Release;
		};
/* End XCConfigurationList section */

/* Begin XCRemoteSwiftPackageReference section */
		804F39A829AA6072003E6994 /* XCRemoteSwiftPackageReference "firebase-ios-sdk" */ = {
			isa = XCRemoteSwiftPackageReference;
			repositoryURL = "https://github.com/firebase/firebase-ios-sdk";
			requirement = {
				kind = upToNextMajorVersion;
				minimumVersion = 9.0.0;
			};
		};
		80E035C529C6628D001CF462 /* XCRemoteSwiftPackageReference "IQKeyboardManager" */ = {
			isa = XCRemoteSwiftPackageReference;
			repositoryURL = "https://github.com/hackiftekhar/IQKeyboardManager";
			requirement = {
				branch = master;
				kind = branch;
			};
		};
/* End XCRemoteSwiftPackageReference section */

/* Begin XCSwiftPackageProductDependency section */
		804F39A929AA6072003E6994 /* FirebaseAuth */ = {
			isa = XCSwiftPackageProductDependency;
			package = 804F39A829AA6072003E6994 /* XCRemoteSwiftPackageReference "firebase-ios-sdk" */;
			productName = FirebaseAuth;
		};
		804F39AB29AA6072003E6994 /* FirebaseFirestore */ = {
			isa = XCSwiftPackageProductDependency;
			package = 804F39A829AA6072003E6994 /* XCRemoteSwiftPackageReference "firebase-ios-sdk" */;
			productName = FirebaseFirestore;
		};
		80E035C629C6628D001CF462 /* IQKeyboardManagerSwift */ = {
			isa = XCSwiftPackageProductDependency;
			package = 80E035C529C6628D001CF462 /* XCRemoteSwiftPackageReference "IQKeyboardManager" */;
			productName = IQKeyboardManagerSwift;
		};
/* End XCSwiftPackageProductDependency section */
	};
	rootObject = 804F397E29A9DAA3003E6994 /* Project object */;
}
